// !$*UTF8*$!
{
	archiveVersion = 1;
	classes = {
	};
	objectVersion = 55;
	objects = {

/* Begin PBXBuildFile section */
		BA389E972994EE0D0015162B /* Raleway-VariableFont_wght.ttf in Resources */ = {isa = PBXBuildFile; fileRef = BA389E962994EE0D0015162B /* Raleway-VariableFont_wght.ttf */; };
		BA77A64828D06ADE00502AEB /* PlayerView.swift in Sources */ = {isa = PBXBuildFile; fileRef = BA77A64728D06ADE00502AEB /* PlayerView.swift */; };
		BA77A64A28D0A56200502AEB /* VideoCompositionViewController.swift in Sources */ = {isa = PBXBuildFile; fileRef = BA77A64928D0A56200502AEB /* VideoCompositionViewController.swift */; };
		BA77A64C28D1B01E00502AEB /* AvailableAudioInputsViewController.swift in Sources */ = {isa = PBXBuildFile; fileRef = BA77A64B28D1B01E00502AEB /* AvailableAudioInputsViewController.swift */; };
		BA807D71299509EB00730FE7 /* ConferenceViewController.swift in Sources */ = {isa = PBXBuildFile; fileRef = BA807D70299509EB00730FE7 /* ConferenceViewController.swift */; };
		BAC687C328C72CFC00AD7036 /* AppDelegate.swift in Sources */ = {isa = PBXBuildFile; fileRef = BAC687C228C72CFC00AD7036 /* AppDelegate.swift */; };
		BAC687C528C72CFC00AD7036 /* SceneDelegate.swift in Sources */ = {isa = PBXBuildFile; fileRef = BAC687C428C72CFC00AD7036 /* SceneDelegate.swift */; };
		BAC687C728C72CFC00AD7036 /* ViewController.swift in Sources */ = {isa = PBXBuildFile; fileRef = BAC687C628C72CFC00AD7036 /* ViewController.swift */; };
		BAC687CA28C72CFC00AD7036 /* Main.storyboard in Resources */ = {isa = PBXBuildFile; fileRef = BAC687C828C72CFC00AD7036 /* Main.storyboard */; };
		BAC687CC28C72CFF00AD7036 /* Assets.xcassets in Resources */ = {isa = PBXBuildFile; fileRef = BAC687CB28C72CFF00AD7036 /* Assets.xcassets */; };
		BAC687CF28C72CFF00AD7036 /* LaunchScreen.storyboard in Resources */ = {isa = PBXBuildFile; fileRef = BAC687CD28C72CFF00AD7036 /* LaunchScreen.storyboard */; };
		BAC687DA28C72D0000AD7036 /* VIdeoAudioOverLayTests.swift in Sources */ = {isa = PBXBuildFile; fileRef = BAC687D928C72D0000AD7036 /* VIdeoAudioOverLayTests.swift */; };
		BAC687E428C72D0000AD7036 /* VIdeoAudioOverLayUITests.swift in Sources */ = {isa = PBXBuildFile; fileRef = BAC687E328C72D0000AD7036 /* VIdeoAudioOverLayUITests.swift */; };
		BAC687E628C72D0000AD7036 /* VIdeoAudioOverLayUITestsLaunchTests.swift in Sources */ = {isa = PBXBuildFile; fileRef = BAC687E528C72D0000AD7036 /* VIdeoAudioOverLayUITestsLaunchTests.swift */; };
		BAC687F828C734CC00AD7036 /* PrimaryButtons.swift in Sources */ = {isa = PBXBuildFile; fileRef = BAC687F728C734CB00AD7036 /* PrimaryButtons.swift */; };
		BAD1D47D28C77A68007B52F0 /* VideoPicker.swift in Sources */ = {isa = PBXBuildFile; fileRef = BAD1D47C28C77A68007B52F0 /* VideoPicker.swift */; };
		BAD1D47F28C77DD8007B52F0 /* VideoRecordViewController.swift in Sources */ = {isa = PBXBuildFile; fileRef = BAD1D47E28C77DD8007B52F0 /* VideoRecordViewController.swift */; };
		BAD1D48228C7935F007B52F0 /* CameraPreviewView.swift in Sources */ = {isa = PBXBuildFile; fileRef = BAD1D48128C7935F007B52F0 /* CameraPreviewView.swift */; };
		BAD1D48528C896B8007B52F0 /* UIView+Extensions.swift in Sources */ = {isa = PBXBuildFile; fileRef = BAD1D48428C896B7007B52F0 /* UIView+Extensions.swift */; };
		BADA75C828D3524C007C7508 /* VideoHelper.swift in Sources */ = {isa = PBXBuildFile; fileRef = BADA75C728D3524C007C7508 /* VideoHelper.swift */; };
		BAEC235228DC9E0500877ACF /* UIStoryBoard+Extensions.swift in Sources */ = {isa = PBXBuildFile; fileRef = BAEC235128DC9E0500877ACF /* UIStoryBoard+Extensions.swift */; };
/* End PBXBuildFile section */

/* Begin PBXContainerItemProxy section */
		BAC687D628C72D0000AD7036 /* PBXContainerItemProxy */ = {
			isa = PBXContainerItemProxy;
			containerPortal = BAC687B728C72CFC00AD7036 /* Project object */;
			proxyType = 1;
			remoteGlobalIDString = BAC687BE28C72CFC00AD7036;
			remoteInfo = VIdeoAudioOverLay;
		};
		BAC687E028C72D0000AD7036 /* PBXContainerItemProxy */ = {
			isa = PBXContainerItemProxy;
			containerPortal = BAC687B728C72CFC00AD7036 /* Project object */;
			proxyType = 1;
			remoteGlobalIDString = BAC687BE28C72CFC00AD7036;
			remoteInfo = VIdeoAudioOverLay;
		};
/* End PBXContainerItemProxy section */

/* Begin PBXFileReference section */
		BA389E962994EE0D0015162B /* Raleway-VariableFont_wght.ttf */ = {isa = PBXFileReference; lastKnownFileType = file; path = "Raleway-VariableFont_wght.ttf"; sourceTree = "<group>"; };
		BA73CDEF28D4787300483EC4 /* VIdeoAudioOverLay.entitlements */ = {isa = PBXFileReference; lastKnownFileType = text.plist.entitlements; path = VIdeoAudioOverLay.entitlements; sourceTree = "<group>"; };
		BA77A64728D06ADE00502AEB /* PlayerView.swift */ = {isa = PBXFileReference; lastKnownFileType = sourcecode.swift; path = PlayerView.swift; sourceTree = "<group>"; };
		BA77A64928D0A56200502AEB /* VideoCompositionViewController.swift */ = {isa = PBXFileReference; lastKnownFileType = sourcecode.swift; path = VideoCompositionViewController.swift; sourceTree = "<group>"; };
		BA77A64B28D1B01E00502AEB /* AvailableAudioInputsViewController.swift */ = {isa = PBXFileReference; lastKnownFileType = sourcecode.swift; path = AvailableAudioInputsViewController.swift; sourceTree = "<group>"; };
		BA807D70299509EB00730FE7 /* ConferenceViewController.swift */ = {isa = PBXFileReference; lastKnownFileType = sourcecode.swift; path = ConferenceViewController.swift; sourceTree = "<group>"; };
		BAC687BF28C72CFC00AD7036 /* VIdeoAudioOverLay.app */ = {isa = PBXFileReference; explicitFileType = wrapper.application; includeInIndex = 0; path = VIdeoAudioOverLay.app; sourceTree = BUILT_PRODUCTS_DIR; };
		BAC687C228C72CFC00AD7036 /* AppDelegate.swift */ = {isa = PBXFileReference; lastKnownFileType = sourcecode.swift; path = AppDelegate.swift; sourceTree = "<group>"; };
		BAC687C428C72CFC00AD7036 /* SceneDelegate.swift */ = {isa = PBXFileReference; lastKnownFileType = sourcecode.swift; path = SceneDelegate.swift; sourceTree = "<group>"; };
		BAC687C628C72CFC00AD7036 /* ViewController.swift */ = {isa = PBXFileReference; lastKnownFileType = sourcecode.swift; path = ViewController.swift; sourceTree = "<group>"; };
		BAC687C928C72CFC00AD7036 /* Base */ = {isa = PBXFileReference; lastKnownFileType = file.storyboard; name = Base; path = Base.lproj/Main.storyboard; sourceTree = "<group>"; };
		BAC687CB28C72CFF00AD7036 /* Assets.xcassets */ = {isa = PBXFileReference; lastKnownFileType = folder.assetcatalog; path = Assets.xcassets; sourceTree = "<group>"; };
		BAC687CE28C72CFF00AD7036 /* Base */ = {isa = PBXFileReference; lastKnownFileType = file.storyboard; name = Base; path = Base.lproj/LaunchScreen.storyboard; sourceTree = "<group>"; };
		BAC687D028C72CFF00AD7036 /* Info.plist */ = {isa = PBXFileReference; lastKnownFileType = text.plist.xml; path = Info.plist; sourceTree = "<group>"; };
		BAC687D528C72D0000AD7036 /* VIdeoAudioOverLayTests.xctest */ = {isa = PBXFileReference; explicitFileType = wrapper.cfbundle; includeInIndex = 0; path = VIdeoAudioOverLayTests.xctest; sourceTree = BUILT_PRODUCTS_DIR; };
		BAC687D928C72D0000AD7036 /* VIdeoAudioOverLayTests.swift */ = {isa = PBXFileReference; lastKnownFileType = sourcecode.swift; path = VIdeoAudioOverLayTests.swift; sourceTree = "<group>"; };
		BAC687DF28C72D0000AD7036 /* VIdeoAudioOverLayUITests.xctest */ = {isa = PBXFileReference; explicitFileType = wrapper.cfbundle; includeInIndex = 0; path = VIdeoAudioOverLayUITests.xctest; sourceTree = BUILT_PRODUCTS_DIR; };
		BAC687E328C72D0000AD7036 /* VIdeoAudioOverLayUITests.swift */ = {isa = PBXFileReference; lastKnownFileType = sourcecode.swift; path = VIdeoAudioOverLayUITests.swift; sourceTree = "<group>"; };
		BAC687E528C72D0000AD7036 /* VIdeoAudioOverLayUITestsLaunchTests.swift */ = {isa = PBXFileReference; lastKnownFileType = sourcecode.swift; path = VIdeoAudioOverLayUITestsLaunchTests.swift; sourceTree = "<group>"; };
		BAC687F728C734CB00AD7036 /* PrimaryButtons.swift */ = {isa = PBXFileReference; lastKnownFileType = sourcecode.swift; path = PrimaryButtons.swift; sourceTree = "<group>"; };
		BAD1D47C28C77A68007B52F0 /* VideoPicker.swift */ = {isa = PBXFileReference; fileEncoding = 4; lastKnownFileType = sourcecode.swift; path = VideoPicker.swift; sourceTree = "<group>"; };
		BAD1D47E28C77DD8007B52F0 /* VideoRecordViewController.swift */ = {isa = PBXFileReference; lastKnownFileType = sourcecode.swift; path = VideoRecordViewController.swift; sourceTree = "<group>"; };
		BAD1D48128C7935F007B52F0 /* CameraPreviewView.swift */ = {isa = PBXFileReference; lastKnownFileType = sourcecode.swift; path = CameraPreviewView.swift; sourceTree = "<group>"; };
		BAD1D48428C896B7007B52F0 /* UIView+Extensions.swift */ = {isa = PBXFileReference; lastKnownFileType = sourcecode.swift; path = "UIView+Extensions.swift"; sourceTree = "<group>"; };
		BADA75C728D3524C007C7508 /* VideoHelper.swift */ = {isa = PBXFileReference; lastKnownFileType = sourcecode.swift; path = VideoHelper.swift; sourceTree = "<group>"; };
		BAEC235128DC9E0500877ACF /* UIStoryBoard+Extensions.swift */ = {isa = PBXFileReference; lastKnownFileType = sourcecode.swift; path = "UIStoryBoard+Extensions.swift"; sourceTree = "<group>"; };
/* End PBXFileReference section */

/* Begin PBXFrameworksBuildPhase section */
		BAC687BC28C72CFC00AD7036 /* Frameworks */ = {
			isa = PBXFrameworksBuildPhase;
			buildActionMask = 2147483647;
			files = (
			);
			runOnlyForDeploymentPostprocessing = 0;
		};
		BAC687D228C72D0000AD7036 /* Frameworks */ = {
			isa = PBXFrameworksBuildPhase;
			buildActionMask = 2147483647;
			files = (
			);
			runOnlyForDeploymentPostprocessing = 0;
		};
		BAC687DC28C72D0000AD7036 /* Frameworks */ = {
			isa = PBXFrameworksBuildPhase;
			buildActionMask = 2147483647;
			files = (
			);
			runOnlyForDeploymentPostprocessing = 0;
		};
/* End PBXFrameworksBuildPhase section */

/* Begin PBXGroup section */
		BA389E932994ECE10015162B /* Fonts */ = {
			isa = PBXGroup;
			children = (
				BA389E962994EE0D0015162B /* Raleway-VariableFont_wght.ttf */,
			);
			path = Fonts;
			sourceTree = "<group>";
		};
		BAC687B628C72CFC00AD7036 = {
			isa = PBXGroup;
			children = (
				BAC687C128C72CFC00AD7036 /* VIdeoAudioOverLay */,
				BAC687D828C72D0000AD7036 /* VIdeoAudioOverLayTests */,
				BAC687E228C72D0000AD7036 /* VIdeoAudioOverLayUITests */,
				BAC687C028C72CFC00AD7036 /* Products */,
			);
			sourceTree = "<group>";
		};
		BAC687C028C72CFC00AD7036 /* Products */ = {
			isa = PBXGroup;
			children = (
				BAC687BF28C72CFC00AD7036 /* VIdeoAudioOverLay.app */,
				BAC687D528C72D0000AD7036 /* VIdeoAudioOverLayTests.xctest */,
				BAC687DF28C72D0000AD7036 /* VIdeoAudioOverLayUITests.xctest */,
			);
			name = Products;
			sourceTree = "<group>";
		};
		BAC687C128C72CFC00AD7036 /* VIdeoAudioOverLay */ = {
			isa = PBXGroup;
			children = (
				BA389E932994ECE10015162B /* Fonts */,
				BA73CDEF28D4787300483EC4 /* VIdeoAudioOverLay.entitlements */,
				BAC687C228C72CFC00AD7036 /* AppDelegate.swift */,
				BAC687C428C72CFC00AD7036 /* SceneDelegate.swift */,
				BAC687F628C734AD00AD7036 /* Components */,
				BAC687F428C7344800AD7036 /* View */,
				BAC687F328C7344000AD7036 /* ViewModels */,
				BAC687F228C7343400AD7036 /* Models */,
				BAC687C828C72CFC00AD7036 /* Main.storyboard */,
				BAC687CB28C72CFF00AD7036 /* Assets.xcassets */,
				BAC687CD28C72CFF00AD7036 /* LaunchScreen.storyboard */,
				BAC687D028C72CFF00AD7036 /* Info.plist */,
			);
			path = VIdeoAudioOverLay;
			sourceTree = "<group>";
		};
		BAC687D828C72D0000AD7036 /* VIdeoAudioOverLayTests */ = {
			isa = PBXGroup;
			children = (
				BAC687D928C72D0000AD7036 /* VIdeoAudioOverLayTests.swift */,
			);
			path = VIdeoAudioOverLayTests;
			sourceTree = "<group>";
		};
		BAC687E228C72D0000AD7036 /* VIdeoAudioOverLayUITests */ = {
			isa = PBXGroup;
			children = (
				BAC687E328C72D0000AD7036 /* VIdeoAudioOverLayUITests.swift */,
				BAC687E528C72D0000AD7036 /* VIdeoAudioOverLayUITestsLaunchTests.swift */,
			);
			path = VIdeoAudioOverLayUITests;
			sourceTree = "<group>";
		};
		BAC687F228C7343400AD7036 /* Models */ = {
			isa = PBXGroup;
			children = (
			);
			path = Models;
			sourceTree = "<group>";
		};
		BAC687F328C7344000AD7036 /* ViewModels */ = {
			isa = PBXGroup;
			children = (
			);
			path = ViewModels;
			sourceTree = "<group>";
		};
		BAC687F428C7344800AD7036 /* View */ = {
			isa = PBXGroup;
			children = (
				BAD1D48028C79080007B52F0 /* Views */,
				BAC687F528C7345E00AD7036 /* Controllers */,
				BADA75C728D3524C007C7508 /* VideoHelper.swift */,
			);
			path = View;
			sourceTree = "<group>";
		};
		BAC687F528C7345E00AD7036 /* Controllers */ = {
			isa = PBXGroup;
			children = (
				BAD1D47C28C77A68007B52F0 /* VideoPicker.swift */,
				BAC687C628C72CFC00AD7036 /* ViewController.swift */,
				BAD1D47E28C77DD8007B52F0 /* VideoRecordViewController.swift */,
				BA77A64928D0A56200502AEB /* VideoCompositionViewController.swift */,
				BA77A64B28D1B01E00502AEB /* AvailableAudioInputsViewController.swift */,
				BA807D70299509EB00730FE7 /* ConferenceViewController.swift */,
			);
			path = Controllers;
			sourceTree = "<group>";
		};
		BAC687F628C734AD00AD7036 /* Components */ = {
			isa = PBXGroup;
			children = (
				BAD1D48328C89689007B52F0 /* Extensions */,
				BAC687F728C734CB00AD7036 /* PrimaryButtons.swift */,
			);
			path = Components;
			sourceTree = SOURCE_ROOT;
		};
		BAD1D48028C79080007B52F0 /* Views */ = {
			isa = PBXGroup;
			children = (
				BAD1D48128C7935F007B52F0 /* CameraPreviewView.swift */,
				BA77A64728D06ADE00502AEB /* PlayerView.swift */,
			);
			path = Views;
			sourceTree = "<group>";
		};
		BAD1D48328C89689007B52F0 /* Extensions */ = {
			isa = PBXGroup;
			children = (
				BAD1D48428C896B7007B52F0 /* UIView+Extensions.swift */,
				BAEC235128DC9E0500877ACF /* UIStoryBoard+Extensions.swift */,
			);
			path = Extensions;
			sourceTree = "<group>";
		};
/* End PBXGroup section */

/* Begin PBXNativeTarget section */
		BAC687BE28C72CFC00AD7036 /* VIdeoAudioOverLay */ = {
			isa = PBXNativeTarget;
			buildConfigurationList = BAC687E928C72D0000AD7036 /* Build configuration list for PBXNativeTarget "VIdeoAudioOverLay" */;
			buildPhases = (
				BAC687BB28C72CFC00AD7036 /* Sources */,
				BAC687BC28C72CFC00AD7036 /* Frameworks */,
				BAC687BD28C72CFC00AD7036 /* Resources */,
			);
			buildRules = (
			);
			dependencies = (
			);
			name = VIdeoAudioOverLay;
			productName = VIdeoAudioOverLay;
			productReference = BAC687BF28C72CFC00AD7036 /* VIdeoAudioOverLay.app */;
			productType = "com.apple.product-type.application";
		};
		BAC687D428C72D0000AD7036 /* VIdeoAudioOverLayTests */ = {
			isa = PBXNativeTarget;
			buildConfigurationList = BAC687EC28C72D0000AD7036 /* Build configuration list for PBXNativeTarget "VIdeoAudioOverLayTests" */;
			buildPhases = (
				BAC687D128C72D0000AD7036 /* Sources */,
				BAC687D228C72D0000AD7036 /* Frameworks */,
				BAC687D328C72D0000AD7036 /* Resources */,
			);
			buildRules = (
			);
			dependencies = (
				BAC687D728C72D0000AD7036 /* PBXTargetDependency */,
			);
			name = VIdeoAudioOverLayTests;
			productName = VIdeoAudioOverLayTests;
			productReference = BAC687D528C72D0000AD7036 /* VIdeoAudioOverLayTests.xctest */;
			productType = "com.apple.product-type.bundle.unit-test";
		};
		BAC687DE28C72D0000AD7036 /* VIdeoAudioOverLayUITests */ = {
			isa = PBXNativeTarget;
			buildConfigurationList = BAC687EF28C72D0000AD7036 /* Build configuration list for PBXNativeTarget "VIdeoAudioOverLayUITests" */;
			buildPhases = (
				BAC687DB28C72D0000AD7036 /* Sources */,
				BAC687DC28C72D0000AD7036 /* Frameworks */,
				BAC687DD28C72D0000AD7036 /* Resources */,
			);
			buildRules = (
			);
			dependencies = (
				BAC687E128C72D0000AD7036 /* PBXTargetDependency */,
			);
			name = VIdeoAudioOverLayUITests;
			productName = VIdeoAudioOverLayUITests;
			productReference = BAC687DF28C72D0000AD7036 /* VIdeoAudioOverLayUITests.xctest */;
			productType = "com.apple.product-type.bundle.ui-testing";
		};
/* End PBXNativeTarget section */

/* Begin PBXProject section */
		BAC687B728C72CFC00AD7036 /* Project object */ = {
			isa = PBXProject;
			attributes = {
				BuildIndependentTargetsInParallel = 1;
				LastSwiftUpdateCheck = 1340;
				LastUpgradeCheck = 1340;
				TargetAttributes = {
					BAC687BE28C72CFC00AD7036 = {
						CreatedOnToolsVersion = 13.4.1;
					};
					BAC687D428C72D0000AD7036 = {
						CreatedOnToolsVersion = 13.4.1;
						TestTargetID = BAC687BE28C72CFC00AD7036;
					};
					BAC687DE28C72D0000AD7036 = {
						CreatedOnToolsVersion = 13.4.1;
						TestTargetID = BAC687BE28C72CFC00AD7036;
					};
				};
			};
			buildConfigurationList = BAC687BA28C72CFC00AD7036 /* Build configuration list for PBXProject "VIdeoAudioOverLay" */;
			compatibilityVersion = "Xcode 13.0";
			developmentRegion = en;
			hasScannedForEncodings = 0;
			knownRegions = (
				en,
				Base,
			);
			mainGroup = BAC687B628C72CFC00AD7036;
			productRefGroup = BAC687C028C72CFC00AD7036 /* Products */;
			projectDirPath = "";
			projectRoot = "";
			targets = (
				BAC687BE28C72CFC00AD7036 /* VIdeoAudioOverLay */,
				BAC687D428C72D0000AD7036 /* VIdeoAudioOverLayTests */,
				BAC687DE28C72D0000AD7036 /* VIdeoAudioOverLayUITests */,
			);
		};
/* End PBXProject section */

/* Begin PBXResourcesBuildPhase section */
		BAC687BD28C72CFC00AD7036 /* Resources */ = {
			isa = PBXResourcesBuildPhase;
			buildActionMask = 2147483647;
			files = (
				BAC687CF28C72CFF00AD7036 /* LaunchScreen.storyboard in Resources */,
				BA389E972994EE0D0015162B /* Raleway-VariableFont_wght.ttf in Resources */,
				BAC687CC28C72CFF00AD7036 /* Assets.xcassets in Resources */,
				BAC687CA28C72CFC00AD7036 /* Main.storyboard in Resources */,
			);
			runOnlyForDeploymentPostprocessing = 0;
		};
		BAC687D328C72D0000AD7036 /* Resources */ = {
			isa = PBXResourcesBuildPhase;
			buildActionMask = 2147483647;
			files = (
			);
			runOnlyForDeploymentPostprocessing = 0;
		};
		BAC687DD28C72D0000AD7036 /* Resources */ = {
			isa = PBXResourcesBuildPhase;
			buildActionMask = 2147483647;
			files = (
			);
			runOnlyForDeploymentPostprocessing = 0;
		};
/* End PBXResourcesBuildPhase section */

/* Begin PBXSourcesBuildPhase section */
		BAC687BB28C72CFC00AD7036 /* Sources */ = {
			isa = PBXSourcesBuildPhase;
			buildActionMask = 2147483647;
			files = (
				BA77A64828D06ADE00502AEB /* PlayerView.swift in Sources */,
				BAD1D47D28C77A68007B52F0 /* VideoPicker.swift in Sources */,
				BAC687C728C72CFC00AD7036 /* ViewController.swift in Sources */,
				BADA75C828D3524C007C7508 /* VideoHelper.swift in Sources */,
				BA807D71299509EB00730FE7 /* ConferenceViewController.swift in Sources */,
				BAC687C328C72CFC00AD7036 /* AppDelegate.swift in Sources */,
				BA77A64C28D1B01E00502AEB /* AvailableAudioInputsViewController.swift in Sources */,
				BAD1D48228C7935F007B52F0 /* CameraPreviewView.swift in Sources */,
				BAEC235228DC9E0500877ACF /* UIStoryBoard+Extensions.swift in Sources */,
				BAC687F828C734CC00AD7036 /* PrimaryButtons.swift in Sources */,
				BAC687C528C72CFC00AD7036 /* SceneDelegate.swift in Sources */,
				BAD1D48528C896B8007B52F0 /* UIView+Extensions.swift in Sources */,
				BAD1D47F28C77DD8007B52F0 /* VideoRecordViewController.swift in Sources */,
				BA77A64A28D0A56200502AEB /* VideoCompositionViewController.swift in Sources */,
			);
			runOnlyForDeploymentPostprocessing = 0;
		};
		BAC687D128C72D0000AD7036 /* Sources */ = {
			isa = PBXSourcesBuildPhase;
			buildActionMask = 2147483647;
			files = (
				BAC687DA28C72D0000AD7036 /* VIdeoAudioOverLayTests.swift in Sources */,
			);
			runOnlyForDeploymentPostprocessing = 0;
		};
		BAC687DB28C72D0000AD7036 /* Sources */ = {
			isa = PBXSourcesBuildPhase;
			buildActionMask = 2147483647;
			files = (
				BAC687E628C72D0000AD7036 /* VIdeoAudioOverLayUITestsLaunchTests.swift in Sources */,
				BAC687E428C72D0000AD7036 /* VIdeoAudioOverLayUITests.swift in Sources */,
			);
			runOnlyForDeploymentPostprocessing = 0;
		};
/* End PBXSourcesBuildPhase section */

/* Begin PBXTargetDependency section */
		BAC687D728C72D0000AD7036 /* PBXTargetDependency */ = {
			isa = PBXTargetDependency;
			target = BAC687BE28C72CFC00AD7036 /* VIdeoAudioOverLay */;
			targetProxy = BAC687D628C72D0000AD7036 /* PBXContainerItemProxy */;
		};
		BAC687E128C72D0000AD7036 /* PBXTargetDependency */ = {
			isa = PBXTargetDependency;
			target = BAC687BE28C72CFC00AD7036 /* VIdeoAudioOverLay */;
			targetProxy = BAC687E028C72D0000AD7036 /* PBXContainerItemProxy */;
		};
/* End PBXTargetDependency section */

/* Begin PBXVariantGroup section */
		BAC687C828C72CFC00AD7036 /* Main.storyboard */ = {
			isa = PBXVariantGroup;
			children = (
				BAC687C928C72CFC00AD7036 /* Base */,
			);
			name = Main.storyboard;
			sourceTree = "<group>";
		};
		BAC687CD28C72CFF00AD7036 /* LaunchScreen.storyboard */ = {
			isa = PBXVariantGroup;
			children = (
				BAC687CE28C72CFF00AD7036 /* Base */,
			);
			name = LaunchScreen.storyboard;
			sourceTree = "<group>";
		};
/* End PBXVariantGroup section */

/* Begin XCBuildConfiguration section */
		BAC687E728C72D0000AD7036 /* Debug */ = {
			isa = XCBuildConfiguration;
			buildSettings = {
				ALWAYS_SEARCH_USER_PATHS = NO;
				CLANG_ANALYZER_NONNULL = YES;
				CLANG_ANALYZER_NUMBER_OBJECT_CONVERSION = YES_AGGRESSIVE;
				CLANG_CXX_LANGUAGE_STANDARD = "gnu++17";
				CLANG_ENABLE_MODULES = YES;
				CLANG_ENABLE_OBJC_ARC = YES;
				CLANG_ENABLE_OBJC_WEAK = YES;
				CLANG_WARN_BLOCK_CAPTURE_AUTORELEASING = YES;
				CLANG_WARN_BOOL_CONVERSION = YES;
				CLANG_WARN_COMMA = YES;
				CLANG_WARN_CONSTANT_CONVERSION = YES;
				CLANG_WARN_DEPRECATED_OBJC_IMPLEMENTATIONS = YES;
				CLANG_WARN_DIRECT_OBJC_ISA_USAGE = YES_ERROR;
				CLANG_WARN_DOCUMENTATION_COMMENTS = YES;
				CLANG_WARN_EMPTY_BODY = YES;
				CLANG_WARN_ENUM_CONVERSION = YES;
				CLANG_WARN_INFINITE_RECURSION = YES;
				CLANG_WARN_INT_CONVERSION = YES;
				CLANG_WARN_NON_LITERAL_NULL_CONVERSION = YES;
				CLANG_WARN_OBJC_IMPLICIT_RETAIN_SELF = YES;
				CLANG_WARN_OBJC_LITERAL_CONVERSION = YES;
				CLANG_WARN_OBJC_ROOT_CLASS = YES_ERROR;
				CLANG_WARN_QUOTED_INCLUDE_IN_FRAMEWORK_HEADER = YES;
				CLANG_WARN_RANGE_LOOP_ANALYSIS = YES;
				CLANG_WARN_STRICT_PROTOTYPES = YES;
				CLANG_WARN_SUSPICIOUS_MOVE = YES;
				CLANG_WARN_UNGUARDED_AVAILABILITY = YES_AGGRESSIVE;
				CLANG_WARN_UNREACHABLE_CODE = YES;
				CLANG_WARN__DUPLICATE_METHOD_MATCH = YES;
				COPY_PHASE_STRIP = NO;
				DEBUG_INFORMATION_FORMAT = dwarf;
				ENABLE_STRICT_OBJC_MSGSEND = YES;
				ENABLE_TESTABILITY = YES;
				GCC_C_LANGUAGE_STANDARD = gnu11;
				GCC_DYNAMIC_NO_PIC = NO;
				GCC_NO_COMMON_BLOCKS = YES;
				GCC_OPTIMIZATION_LEVEL = 0;
				GCC_PREPROCESSOR_DEFINITIONS = (
					"DEBUG=1",
					"$(inherited)",
				);
				GCC_WARN_64_TO_32_BIT_CONVERSION = YES;
				GCC_WARN_ABOUT_RETURN_TYPE = YES_ERROR;
				GCC_WARN_UNDECLARED_SELECTOR = YES;
				GCC_WARN_UNINITIALIZED_AUTOS = YES_AGGRESSIVE;
				GCC_WARN_UNUSED_FUNCTION = YES;
				GCC_WARN_UNUSED_VARIABLE = YES;
				IPHONEOS_DEPLOYMENT_TARGET = 15.5;
				MTL_ENABLE_DEBUG_INFO = INCLUDE_SOURCE;
				MTL_FAST_MATH = YES;
				ONLY_ACTIVE_ARCH = YES;
				SDKROOT = iphoneos;
				SWIFT_ACTIVE_COMPILATION_CONDITIONS = DEBUG;
				SWIFT_OPTIMIZATION_LEVEL = "-Onone";
			};
			name = Debug;
		};
		BAC687E828C72D0000AD7036 /* Release */ = {
			isa = XCBuildConfiguration;
			buildSettings = {
				ALWAYS_SEARCH_USER_PATHS = NO;
				CLANG_ANALYZER_NONNULL = YES;
				CLANG_ANALYZER_NUMBER_OBJECT_CONVERSION = YES_AGGRESSIVE;
				CLANG_CXX_LANGUAGE_STANDARD = "gnu++17";
				CLANG_ENABLE_MODULES = YES;
				CLANG_ENABLE_OBJC_ARC = YES;
				CLANG_ENABLE_OBJC_WEAK = YES;
				CLANG_WARN_BLOCK_CAPTURE_AUTORELEASING = YES;
				CLANG_WARN_BOOL_CONVERSION = YES;
				CLANG_WARN_COMMA = YES;
				CLANG_WARN_CONSTANT_CONVERSION = YES;
				CLANG_WARN_DEPRECATED_OBJC_IMPLEMENTATIONS = YES;
				CLANG_WARN_DIRECT_OBJC_ISA_USAGE = YES_ERROR;
				CLANG_WARN_DOCUMENTATION_COMMENTS = YES;
				CLANG_WARN_EMPTY_BODY = YES;
				CLANG_WARN_ENUM_CONVERSION = YES;
				CLANG_WARN_INFINITE_RECURSION = YES;
				CLANG_WARN_INT_CONVERSION = YES;
				CLANG_WARN_NON_LITERAL_NULL_CONVERSION = YES;
				CLANG_WARN_OBJC_IMPLICIT_RETAIN_SELF = YES;
				CLANG_WARN_OBJC_LITERAL_CONVERSION = YES;
				CLANG_WARN_OBJC_ROOT_CLASS = YES_ERROR;
				CLANG_WARN_QUOTED_INCLUDE_IN_FRAMEWORK_HEADER = YES;
				CLANG_WARN_RANGE_LOOP_ANALYSIS = YES;
				CLANG_WARN_STRICT_PROTOTYPES = YES;
				CLANG_WARN_SUSPICIOUS_MOVE = YES;
				CLANG_WARN_UNGUARDED_AVAILABILITY = YES_AGGRESSIVE;
				CLANG_WARN_UNREACHABLE_CODE = YES;
				CLANG_WARN__DUPLICATE_METHOD_MATCH = YES;
				COPY_PHASE_STRIP = NO;
				DEBUG_INFORMATION_FORMAT = "dwarf-with-dsym";
				ENABLE_NS_ASSERTIONS = NO;
				ENABLE_STRICT_OBJC_MSGSEND = YES;
				GCC_C_LANGUAGE_STANDARD = gnu11;
				GCC_NO_COMMON_BLOCKS = YES;
				GCC_WARN_64_TO_32_BIT_CONVERSION = YES;
				GCC_WARN_ABOUT_RETURN_TYPE = YES_ERROR;
				GCC_WARN_UNDECLARED_SELECTOR = YES;
				GCC_WARN_UNINITIALIZED_AUTOS = YES_AGGRESSIVE;
				GCC_WARN_UNUSED_FUNCTION = YES;
				GCC_WARN_UNUSED_VARIABLE = YES;
				IPHONEOS_DEPLOYMENT_TARGET = 15.5;
				MTL_ENABLE_DEBUG_INFO = NO;
				MTL_FAST_MATH = YES;
				SDKROOT = iphoneos;
				SWIFT_COMPILATION_MODE = wholemodule;
				SWIFT_OPTIMIZATION_LEVEL = "-O";
				VALIDATE_PRODUCT = YES;
			};
			name = Release;
		};
		BAC687EA28C72D0000AD7036 /* Debug */ = {
			isa = XCBuildConfiguration;
			buildSettings = {
				ASSETCATALOG_COMPILER_APPICON_NAME = AppIcon;
				ASSETCATALOG_COMPILER_GLOBAL_ACCENT_COLOR_NAME = AccentColor;
				CODE_SIGN_ENTITLEMENTS = VIdeoAudioOverLay/VIdeoAudioOverLay.entitlements;
				CODE_SIGN_STYLE = Automatic;
				CURRENT_PROJECT_VERSION = 6;
				DEVELOPMENT_TEAM = K7XJG666ZW;
				GENERATE_INFOPLIST_FILE = YES;
				INFOPLIST_FILE = VIdeoAudioOverLay/Info.plist;
				INFOPLIST_KEY_CFBundleDisplayName = "Audio Visual";
				INFOPLIST_KEY_NSCameraUsageDescription = "App need Camera permistion to  recored video";
				INFOPLIST_KEY_NSMicrophoneUsageDescription = "App needMi permistion to  recored video";
				INFOPLIST_KEY_NSPhotoLibraryUsageDescription = "App need permissions to save vides";
				INFOPLIST_KEY_UIApplicationSupportsIndirectInputEvents = YES;
				INFOPLIST_KEY_UILaunchStoryboardName = LaunchScreen;
				INFOPLIST_KEY_UIMainStoryboardFile = Main;
				INFOPLIST_KEY_UISupportedInterfaceOrientations = UIInterfaceOrientationPortrait;
				INFOPLIST_KEY_UISupportedInterfaceOrientations_iPad = "UIInterfaceOrientationPortrait UIInterfaceOrientationPortraitUpsideDown UIInterfaceOrientationLandscapeLeft UIInterfaceOrientationLandscapeRight";
				INFOPLIST_KEY_UISupportedInterfaceOrientations_iPhone = UIInterfaceOrientationPortrait;
				INFOPLIST_KEY_UIUserInterfaceStyle = Light;
				IPHONEOS_DEPLOYMENT_TARGET = 14.5;
				LD_RUNPATH_SEARCH_PATHS = (
					"$(inherited)",
					"@executable_path/Frameworks",
				);
				MARKETING_VERSION = 1.0;
				PRODUCT_BUNDLE_IDENTIFIER = com.ios.VIdeoAudioOverLay;
				PRODUCT_NAME = "$(TARGET_NAME)";
				SWIFT_EMIT_LOC_STRINGS = YES;
				SWIFT_VERSION = 5.0;
				TARGETED_DEVICE_FAMILY = 1;
			};
			name = Debug;
		};
		BAC687EB28C72D0000AD7036 /* Release */ = {
			isa = XCBuildConfiguration;
			buildSettings = {
				ASSETCATALOG_COMPILER_APPICON_NAME = AppIcon;
				ASSETCATALOG_COMPILER_GLOBAL_ACCENT_COLOR_NAME = AccentColor;
				CODE_SIGN_ENTITLEMENTS = VIdeoAudioOverLay/VIdeoAudioOverLay.entitlements;
				CODE_SIGN_STYLE = Automatic;
				CURRENT_PROJECT_VERSION = 6;
				DEVELOPMENT_TEAM = K7XJG666ZW;
				GENERATE_INFOPLIST_FILE = YES;
				INFOPLIST_FILE = VIdeoAudioOverLay/Info.plist;
				INFOPLIST_KEY_CFBundleDisplayName = "Audio Visual";
				INFOPLIST_KEY_NSCameraUsageDescription = "App need Camera permistion to  recored video";
				INFOPLIST_KEY_NSMicrophoneUsageDescription = "App needMi permistion to  recored video";
				INFOPLIST_KEY_NSPhotoLibraryUsageDescription = "App need permissions to save vides";
				INFOPLIST_KEY_UIApplicationSupportsIndirectInputEvents = YES;
				INFOPLIST_KEY_UILaunchStoryboardName = LaunchScreen;
				INFOPLIST_KEY_UIMainStoryboardFile = Main;
				INFOPLIST_KEY_UISupportedInterfaceOrientations = UIInterfaceOrientationPortrait;
				INFOPLIST_KEY_UISupportedInterfaceOrientations_iPad = "UIInterfaceOrientationPortrait UIInterfaceOrientationPortraitUpsideDown UIInterfaceOrientationLandscapeLeft UIInterfaceOrientationLandscapeRight";
				INFOPLIST_KEY_UISupportedInterfaceOrientations_iPhone = UIInterfaceOrientationPortrait;
				INFOPLIST_KEY_UIUserInterfaceStyle = Light;
				IPHONEOS_DEPLOYMENT_TARGET = 14.5;
				LD_RUNPATH_SEARCH_PATHS = (
					"$(inherited)",
					"@executable_path/Frameworks",
				);
				MARKETING_VERSION = 1.0;
				PRODUCT_BUNDLE_IDENTIFIER = com.ios.VIdeoAudioOverLay;
				PRODUCT_NAME = "$(TARGET_NAME)";
				SWIFT_EMIT_LOC_STRINGS = YES;
				SWIFT_VERSION = 5.0;
				TARGETED_DEVICE_FAMILY = 1;
			};
			name = Release;
		};
		BAC687ED28C72D0000AD7036 /* Debug */ = {
			isa = XCBuildConfiguration;
			buildSettings = {
				ALWAYS_EMBED_SWIFT_STANDARD_LIBRARIES = YES;
				BUNDLE_LOADER = "$(TEST_HOST)";
				CODE_SIGN_STYLE = Automatic;
				CURRENT_PROJECT_VERSION = 1;
				GENERATE_INFOPLIST_FILE = YES;
				IPHONEOS_DEPLOYMENT_TARGET = 15.5;
				MARKETING_VERSION = 1.0;
				PRODUCT_BUNDLE_IDENTIFIER = com.ios.VIdeoAudioOverLayTests;
				PRODUCT_NAME = "$(TARGET_NAME)";
				SWIFT_EMIT_LOC_STRINGS = NO;
				SWIFT_VERSION = 5.0;
				TARGETED_DEVICE_FAMILY = "1,2";
				TEST_HOST = "$(BUILT_PRODUCTS_DIR)/VIdeoAudioOverLay.app/VIdeoAudioOverLay";
			};
			name = Debug;
		};
		BAC687EE28C72D0000AD7036 /* Release */ = {
			isa = XCBuildConfiguration;
			buildSettings = {
				ALWAYS_EMBED_SWIFT_STANDARD_LIBRARIES = YES;
				BUNDLE_LOADER = "$(TEST_HOST)";
				CODE_SIGN_STYLE = Automatic;
				CURRENT_PROJECT_VERSION = 1;
				GENERATE_INFOPLIST_FILE = YES;
				IPHONEOS_DEPLOYMENT_TARGET = 15.5;
				MARKETING_VERSION = 1.0;
				PRODUCT_BUNDLE_IDENTIFIER = com.ios.VIdeoAudioOverLayTests;
				PRODUCT_NAME = "$(TARGET_NAME)";
				SWIFT_EMIT_LOC_STRINGS = NO;
				SWIFT_VERSION = 5.0;
				TARGETED_DEVICE_FAMILY = "1,2";
				TEST_HOST = "$(BUILT_PRODUCTS_DIR)/VIdeoAudioOverLay.app/VIdeoAudioOverLay";
			};
			name = Release;
		};
		BAC687F028C72D0000AD7036 /* Debug */ = {
			isa = XCBuildConfiguration;
			buildSettings = {
				ALWAYS_EMBED_SWIFT_STANDARD_LIBRARIES = YES;
				CODE_SIGN_STYLE = Automatic;
				CURRENT_PROJECT_VERSION = 1;
				GENERATE_INFOPLIST_FILE = YES;
				MARKETING_VERSION = 1.0;
				PRODUCT_BUNDLE_IDENTIFIER = com.ios.VIdeoAudioOverLayUITests;
				PRODUCT_NAME = "$(TARGET_NAME)";
				SWIFT_EMIT_LOC_STRINGS = NO;
				SWIFT_VERSION = 5.0;
				TARGETED_DEVICE_FAMILY = "1,2";
				TEST_TARGET_NAME = VIdeoAudioOverLay;
			};
			name = Debug;
		};
		BAC687F128C72D0000AD7036 /* Release */ = {
			isa = XCBuildConfiguration;
			buildSettings = {
				ALWAYS_EMBED_SWIFT_STANDARD_LIBRARIES = YES;
				CODE_SIGN_STYLE = Automatic;
				CURRENT_PROJECT_VERSION = 1;
				GENERATE_INFOPLIST_FILE = YES;
				MARKETING_VERSION = 1.0;
				PRODUCT_BUNDLE_IDENTIFIER = com.ios.VIdeoAudioOverLayUITests;
				PRODUCT_NAME = "$(TARGET_NAME)";
				SWIFT_EMIT_LOC_STRINGS = NO;
				SWIFT_VERSION = 5.0;
				TARGETED_DEVICE_FAMILY = "1,2";
				TEST_TARGET_NAME = VIdeoAudioOverLay;
			};
			name = Release;
		};
/* End XCBuildConfiguration section */

/* Begin XCConfigurationList section */
		BAC687BA28C72CFC00AD7036 /* Build configuration list for PBXProject "VIdeoAudioOverLay" */ = {
			isa = XCConfigurationList;
			buildConfigurations = (
				BAC687E728C72D0000AD7036 /* Debug */,
				BAC687E828C72D0000AD7036 /* Release */,
			);
			defaultConfigurationIsVisible = 0;
			defaultConfigurationName = Release;
		};
		BAC687E928C72D0000AD7036 /* Build configuration list for PBXNativeTarget "VIdeoAudioOverLay" */ = {
			isa = XCConfigurationList;
			buildConfigurations = (
				BAC687EA28C72D0000AD7036 /* Debug */,
				BAC687EB28C72D0000AD7036 /* Release */,
			);
			defaultConfigurationIsVisible = 0;
			defaultConfigurationName = Release;
		};
		BAC687EC28C72D0000AD7036 /* Build configuration list for PBXNativeTarget "VIdeoAudioOverLayTests" */ = {
			isa = XCConfigurationList;
			buildConfigurations = (
				BAC687ED28C72D0000AD7036 /* Debug */,
				BAC687EE28C72D0000AD7036 /* Release */,
			);
			defaultConfigurationIsVisible = 0;
			defaultConfigurationName = Release;
		};
		BAC687EF28C72D0000AD7036 /* Build configuration list for PBXNativeTarget "VIdeoAudioOverLayUITests" */ = {
			isa = XCConfigurationList;
			buildConfigurations = (
				BAC687F028C72D0000AD7036 /* Debug */,
				BAC687F128C72D0000AD7036 /* Release */,
			);
			defaultConfigurationIsVisible = 0;
			defaultConfigurationName = Release;
		};
/* End XCConfigurationList section */
	};
	rootObject = BAC687B728C72CFC00AD7036 /* Project object */;
}
